// !$*UTF8*$!
{
	archiveVersion = 1;
	classes = {
	};
	objectVersion = 46;
	objects = {

/* Begin PBXBuildFile section */
		2EBD45DF83D104C68D1FDCD1 /* Pods_ListGames.framework in Frameworks */ = {isa = PBXBuildFile; fileRef = 6B22C12AC1FDAA60B763202C /* Pods_ListGames.framework */; };
		981C3AEB1EFB1E5300A419C9 /* Game.swift in Sources */ = {isa = PBXBuildFile; fileRef = 981C3AEA1EFB1E5300A419C9 /* Game.swift */; };
		98B2A0711EF82AD100C99779 /* AppDelegate.swift in Sources */ = {isa = PBXBuildFile; fileRef = 98B2A0701EF82AD100C99779 /* AppDelegate.swift */; };
		98B2A0731EF82AD100C99779 /* TableViewController.swift in Sources */ = {isa = PBXBuildFile; fileRef = 98B2A0721EF82AD100C99779 /* TableViewController.swift */; };
		98B2A0781EF82AD100C99779 /* Assets.xcassets in Resources */ = {isa = PBXBuildFile; fileRef = 98B2A0771EF82AD100C99779 /* Assets.xcassets */; };
		98B2A07B1EF82AD100C99779 /* LaunchScreen.storyboard in Resources */ = {isa = PBXBuildFile; fileRef = 98B2A0791EF82AD100C99779 /* LaunchScreen.storyboard */; };
/* End PBXBuildFile section */

/* Begin PBXFileReference section */
		6B22C12AC1FDAA60B763202C /* Pods_ListGames.framework */ = {isa = PBXFileReference; explicitFileType = wrapper.framework; includeInIndex = 0; path = Pods_ListGames.framework; sourceTree = BUILT_PRODUCTS_DIR; };
		8309F51899E62948FAD92D0D /* Pods-ListGames.release.xcconfig */ = {isa = PBXFileReference; includeInIndex = 1; lastKnownFileType = text.xcconfig; name = "Pods-ListGames.release.xcconfig"; path = "Pods/Target Support Files/Pods-ListGames/Pods-ListGames.release.xcconfig"; sourceTree = "<group>"; };
		981C3AEA1EFB1E5300A419C9 /* Game.swift */ = {isa = PBXFileReference; fileEncoding = 4; lastKnownFileType = sourcecode.swift; path = Game.swift; sourceTree = "<group>"; };
		98B2A06D1EF82AD100C99779 /* ListGames.app */ = {isa = PBXFileReference; explicitFileType = wrapper.application; includeInIndex = 0; path = ListGames.app; sourceTree = BUILT_PRODUCTS_DIR; };
		98B2A0701EF82AD100C99779 /* AppDelegate.swift */ = {isa = PBXFileReference; lastKnownFileType = sourcecode.swift; path = AppDelegate.swift; sourceTree = "<group>"; };
		98B2A0721EF82AD100C99779 /* TableViewController.swift */ = {isa = PBXFileReference; lastKnownFileType = sourcecode.swift; path = TableViewController.swift; sourceTree = "<group>"; };
		98B2A0771EF82AD100C99779 /* Assets.xcassets */ = {isa = PBXFileReference; lastKnownFileType = folder.assetcatalog; path = Assets.xcassets; sourceTree = "<group>"; };
		98B2A07A1EF82AD100C99779 /* Base */ = {isa = PBXFileReference; lastKnownFileType = file.storyboard; name = Base; path = Base.lproj/LaunchScreen.storyboard; sourceTree = "<group>"; };
		98B2A07C1EF82AD100C99779 /* Info.plist */ = {isa = PBXFileReference; lastKnownFileType = text.plist.xml; path = Info.plist; sourceTree = "<group>"; };
		D6A09BA16A33CA264992A8D2 /* Pods-ListGames.debug.xcconfig */ = {isa = PBXFileReference; includeInIndex = 1; lastKnownFileType = text.xcconfig; name = "Pods-ListGames.debug.xcconfig"; path = "Pods/Target Support Files/Pods-ListGames/Pods-ListGames.debug.xcconfig"; sourceTree = "<group>"; };
/* End PBXFileReference section */

/* Begin PBXFrameworksBuildPhase section */
		98B2A06A1EF82AD100C99779 /* Frameworks */ = {
			isa = PBXFrameworksBuildPhase;
			buildActionMask = 2147483647;
			files = (
				2EBD45DF83D104C68D1FDCD1 /* Pods_ListGames.framework in Frameworks */,
			);
			runOnlyForDeploymentPostprocessing = 0;
		};
/* End PBXFrameworksBuildPhase section */

/* Begin PBXGroup section */
		2F041F9CDA201EA06E2D546C /* Pods */ = {
			isa = PBXGroup;
			children = (
				D6A09BA16A33CA264992A8D2 /* Pods-ListGames.debug.xcconfig */,
				8309F51899E62948FAD92D0D /* Pods-ListGames.release.xcconfig */,
			);
			name = Pods;
			sourceTree = "<group>";
		};
		6163A86341883AC5EE81E173 /* Frameworks */ = {
			isa = PBXGroup;
			children = (
				6B22C12AC1FDAA60B763202C /* Pods_ListGames.framework */,
			);
			name = Frameworks;
			sourceTree = "<group>";
		};
		98B2A0641EF82AD100C99779 = {
			isa = PBXGroup;
			children = (
				98B2A06F1EF82AD100C99779 /* ListGames */,
				98B2A06E1EF82AD100C99779 /* Products */,
				2F041F9CDA201EA06E2D546C /* Pods */,
				6163A86341883AC5EE81E173 /* Frameworks */,
			);
			sourceTree = "<group>";
		};
		98B2A06E1EF82AD100C99779 /* Products */ = {
			isa = PBXGroup;
			children = (
				98B2A06D1EF82AD100C99779 /* ListGames.app */,
			);
			name = Products;
			sourceTree = "<group>";
		};
		98B2A06F1EF82AD100C99779 /* ListGames */ = {
			isa = PBXGroup;
			children = (
				98B2A0701EF82AD100C99779 /* AppDelegate.swift */,
				98B2A0721EF82AD100C99779 /* TableViewController.swift */,
				981C3AEA1EFB1E5300A419C9 /* Game.swift */,
				98B2A0771EF82AD100C99779 /* Assets.xcassets */,
				98B2A0791EF82AD100C99779 /* LaunchScreen.storyboard */,
				98B2A07C1EF82AD100C99779 /* Info.plist */,
			);
			path = ListGames;
			sourceTree = "<group>";
		};
/* End PBXGroup section */

/* Begin PBXNativeTarget section */
		98B2A06C1EF82AD100C99779 /* ListGames */ = {
			isa = PBXNativeTarget;
			buildConfigurationList = 98B2A07F1EF82AD100C99779 /* Build configuration list for PBXNativeTarget "ListGames" */;
			buildPhases = (
				251D80A387DE3A80D7911530 /* [CP] Check Pods Manifest.lock */,
				98B2A0691EF82AD100C99779 /* Sources */,
				98B2A06A1EF82AD100C99779 /* Frameworks */,
				98B2A06B1EF82AD100C99779 /* Resources */,
				49A2E3EAC2467E19ADC843C7 /* [CP] Embed Pods Frameworks */,
				136C94B0C5EAD9B533AB60FD /* [CP] Copy Pods Resources */,
			);
			buildRules = (
			);
			dependencies = (
			);
			name = ListGames;
			productName = ListGames;
			productReference = 98B2A06D1EF82AD100C99779 /* ListGames.app */;
			productType = "com.apple.product-type.application";
		};
/* End PBXNativeTarget section */

/* Begin PBXProject section */
		98B2A0651EF82AD100C99779 /* Project object */ = {
			isa = PBXProject;
			attributes = {
				LastSwiftUpdateCheck = 0830;
				LastUpgradeCheck = 0830;
				ORGANIZATIONNAME = "Jack Ngai";
				TargetAttributes = {
					98B2A06C1EF82AD100C99779 = {
						CreatedOnToolsVersion = 8.3.3;
						DevelopmentTeam = 56SGSJ5YCY;
						ProvisioningStyle = Automatic;
					};
				};
			};
			buildConfigurationList = 98B2A0681EF82AD100C99779 /* Build configuration list for PBXProject "ListGames" */;
			compatibilityVersion = "Xcode 3.2";
			developmentRegion = English;
			hasScannedForEncodings = 0;
			knownRegions = (
				en,
				Base,
			);
			mainGroup = 98B2A0641EF82AD100C99779;
			productRefGroup = 98B2A06E1EF82AD100C99779 /* Products */;
			projectDirPath = "";
			projectRoot = "";
			targets = (
				98B2A06C1EF82AD100C99779 /* ListGames */,
			);
		};
/* End PBXProject section */

/* Begin PBXResourcesBuildPhase section */
		98B2A06B1EF82AD100C99779 /* Resources */ = {
			isa = PBXResourcesBuildPhase;
			buildActionMask = 2147483647;
			files = (
				98B2A07B1EF82AD100C99779 /* LaunchScreen.storyboard in Resources */,
				98B2A0781EF82AD100C99779 /* Assets.xcassets in Resources */,
			);
			runOnlyForDeploymentPostprocessing = 0;
		};
/* End PBXResourcesBuildPhase section */

/* Begin PBXShellScriptBuildPhase section */
		136C94B0C5EAD9B533AB60FD /* [CP] Copy Pods Resources */ = {
			isa = PBXShellScriptBuildPhase;
			buildActionMask = 2147483647;
			files = (
			);
			inputPaths = (
			);
			name = "[CP] Copy Pods Resources";
			outputPaths = (
			);
			runOnlyForDeploymentPostprocessing = 0;
			shellPath = /bin/sh;
			shellScript = "\"${SRCROOT}/Pods/Target Support Files/Pods-ListGames/Pods-ListGames-resources.sh\"\n";
			showEnvVarsInLog = 0;
		};
		251D80A387DE3A80D7911530 /* [CP] Check Pods Manifest.lock */ = {
			isa = PBXShellScriptBuildPhase;
			buildActionMask = 2147483647;
			files = (
			);
			inputPaths = (
			);
			name = "[CP] Check Pods Manifest.lock";
			outputPaths = (
			);
			runOnlyForDeploymentPostprocessing = 0;
			shellPath = /bin/sh;
			shellScript = "diff \"${PODS_ROOT}/../Podfile.lock\" \"${PODS_ROOT}/Manifest.lock\" > /dev/null\nif [ $? != 0 ] ; then\n    # print error to STDERR\n    echo \"error: The sandbox is not in sync with the Podfile.lock. Run 'pod install' or update your CocoaPods installation.\" >&2\n    exit 1\nfi\n";
			showEnvVarsInLog = 0;
		};
		49A2E3EAC2467E19ADC843C7 /* [CP] Embed Pods Frameworks */ = {
			isa = PBXShellScriptBuildPhase;
			buildActionMask = 2147483647;
			files = (
			);
			inputPaths = (
			);
			name = "[CP] Embed Pods Frameworks";
			outputPaths = (
			);
			runOnlyForDeploymentPostprocessing = 0;
			shellPath = /bin/sh;
			shellScript = "\"${SRCROOT}/Pods/Target Support Files/Pods-ListGames/Pods-ListGames-frameworks.sh\"\n";
			showEnvVarsInLog = 0;
		};
/* End PBXShellScriptBuildPhase section */

/* Begin PBXSourcesBuildPhase section */
		98B2A0691EF82AD100C99779 /* Sources */ = {
			isa = PBXSourcesBuildPhase;
			buildActionMask = 2147483647;
			files = (
				98B2A0731EF82AD100C99779 /* TableViewController.swift in Sources */,
				98B2A0711EF82AD100C99779 /* AppDelegate.swift in Sources */,
				981C3AEB1EFB1E5300A419C9 /* Game.swift in Sources */,
			);
			runOnlyForDeploymentPostprocessing = 0;
		};
/* End PBXSourcesBuildPhase section */

/* Begin PBXVariantGroup section */
		98B2A0791EF82AD100C99779 /* LaunchScreen.storyboard */ = {
			isa = PBXVariantGroup;
			children = (
				98B2A07A1EF82AD100C99779 /* Base */,
			);
			name = LaunchScreen.storyboard;
			sourceTree = "<group>";
		};
/* End PBXVariantGroup section */

/* Begin XCBuildConfiguration section */
		98B2A07D1EF82AD100C99779 /* Debug */ = {
			isa = XCBuildConfiguration;
			buildSettings = {
				ALWAYS_SEARCH_USER_PATHS = NO;
				CLANG_ANALYZER_NONNULL = YES;
				CLANG_ANALYZER_NUMBER_OBJECT_CONVERSION = YES_AGGRESSIVE;
				CLANG_CXX_LANGUAGE_STANDARD = "gnu++0x";
				CLANG_CXX_LIBRARY = "libc++";
				CLANG_ENABLE_MODULES = YES;
				CLANG_ENABLE_OBJC_ARC = YES;
				CLANG_WARN_BOOL_CONVERSION = YES;
				CLANG_WARN_CONSTANT_CONVERSION = YES;
				CLANG_WARN_DIRECT_OBJC_ISA_USAGE = YES_ERROR;
				CLANG_WARN_DOCUMENTATION_COMMENTS = YES;
				CLANG_WARN_EMPTY_BODY = YES;
				CLANG_WARN_ENUM_CONVERSION = YES;
				CLANG_WARN_INFINITE_RECURSION = YES;
				CLANG_WARN_INT_CONVERSION = YES;
				CLANG_WARN_OBJC_ROOT_CLASS = YES_ERROR;
				CLANG_WARN_SUSPICIOUS_MOVE = YES;
				CLANG_WARN_UNREACHABLE_CODE = YES;
				CLANG_WARN__DUPLICATE_METHOD_MATCH = YES;
				"CODE_SIGN_IDENTITY[sdk=iphoneos*]" = "iPhone Developer";
				COPY_PHASE_STRIP = NO;
				DEBUG_INFORMATION_FORMAT = dwarf;
				ENABLE_STRICT_OBJC_MSGSEND = YES;
				ENABLE_TESTABILITY = YES;
				GCC_C_LANGUAGE_STANDARD = gnu99;
				GCC_DYNAMIC_NO_PIC = NO;
				GCC_NO_COMMON_BLOCKS = YES;
				GCC_OPTIMIZATION_LEVEL = 0;
				GCC_PREPROCESSOR_DEFINITIONS = (
					"DEBUG=1",
					"$(inherited)",
				);
				GCC_WARN_64_TO_32_BIT_CONVERSION = YES;
				GCC_WARN_ABOUT_RETURN_TYPE = YES_ERROR;
				GCC_WARN_UNDECLARED_SELECTOR = YES;
				GCC_WARN_UNINITIALIZED_AUTOS = YES_AGGRESSIVE;
				GCC_WARN_UNUSED_FUNCTION = YES;
				GCC_WARN_UNUSED_VARIABLE = YES;
				IPHONEOS_DEPLOYMENT_TARGET = 10.3;
				MTL_ENABLE_DEBUG_INFO = YES;
				ONLY_ACTIVE_ARCH = YES;
				SDKROOT = iphoneos;
				SWIFT_ACTIVE_COMPILATION_CONDITIONS = DEBUG;
				SWIFT_OPTIMIZATION_LEVEL = "-Onone";
				TARGETED_DEVICE_FAMILY = "1,2";
			};
			name = Debug;
		};
		98B2A07E1EF82AD100C99779 /* Release */ = {
			isa = XCBuildConfiguration;
			buildSettings = {
				ALWAYS_SEARCH_USER_PATHS = NO;
				CLANG_ANALYZER_NONNULL = YES;
				CLANG_ANALYZER_NUMBER_OBJECT_CONVERSION = YES_AGGRESSIVE;
				CLANG_CXX_LANGUAGE_STANDARD = "gnu++0x";
				CLANG_CXX_LIBRARY = "libc++";
				CLANG_ENABLE_MODULES = YES;
				CLANG_ENABLE_OBJC_ARC = YES;
				CLANG_WARN_BOOL_CONVERSION = YES;
				CLANG_WARN_CONSTANT_CONVERSION = YES;
				CLANG_WARN_DIRECT_OBJC_ISA_USAGE = YES_ERROR;
				CLANG_WARN_DOCUMENTATION_COMMENTS = YES;
				CLANG_WARN_EMPTY_BODY = YES;
				CLANG_WARN_ENUM_CONVERSION = YES;
				CLANG_WARN_INFINITE_RECURSION = YES;
				CLANG_WARN_INT_CONVERSION = YES;
				CLANG_WARN_OBJC_ROOT_CLASS = YES_ERROR;
				CLANG_WARN_SUSPICIOUS_MOVE = YES;
				CLANG_WARN_UNREACHABLE_CODE = YES;
				CLANG_WARN__DUPLICATE_METHOD_MATCH = YES;
				"CODE_SIGN_IDENTITY[sdk=iphoneos*]" = "iPhone Developer";
				COPY_PHASE_STRIP = NO;
				DEBUG_INFORMATION_FORMAT = "dwarf-with-dsym";
				ENABLE_NS_ASSERTIONS = NO;
				ENABLE_STRICT_OBJC_MSGSEND = YES;
				GCC_C_LANGUAGE_STANDARD = gnu99;
				GCC_NO_COMMON_BLOCKS = YES;
				GCC_WARN_64_TO_32_BIT_CONVERSION = YES;
				GCC_WARN_ABOUT_RETURN_TYPE = YES_ERROR;
				GCC_WARN_UNDECLARED_SELECTOR = YES;
				GCC_WARN_UNINITIALIZED_AUTOS = YES_AGGRESSIVE;
				GCC_WARN_UNUSED_FUNCTION = YES;
				GCC_WARN_UNUSED_VARIABLE = YES;
				IPHONEOS_DEPLOYMENT_TARGET = 10.3;
				MTL_ENABLE_DEBUG_INFO = NO;
				SDKROOT = iphoneos;
				SWIFT_OPTIMIZATION_LEVEL = "-Owholemodule";
				TARGETED_DEVICE_FAMILY = "1,2";
				VALIDATE_PRODUCT = YES;
			};
			name = Release;
		};
		98B2A0801EF82AD100C99779 /* Debug */ = {
			isa = XCBuildConfiguration;
			baseConfigurationReference = D6A09BA16A33CA264992A8D2 /* Pods-ListGames.debug.xcconfig */;
			buildSettings = {
				ASSETCATALOG_COMPILER_APPICON_NAME = AppIcon;
				DEVELOPMENT_TEAM = 56SGSJ5YCY;
				INFOPLIST_FILE = ListGames/Info.plist;
				LD_RUNPATH_SEARCH_PATHS = "$(inherited) @executable_path/Frameworks";
				PRODUCT_BUNDLE_IDENTIFIER = com.jackngai.ListGames;
				PRODUCT_NAME = "$(TARGET_NAME)";
				SWIFT_VERSION = 3.0;
			};
			name = Debug;
		};
		98B2A0811EF82AD100C99779 /* Release */ = {
			isa = XCBuildConfiguration;
			baseConfigurationReference = 8309F51899E62948FAD92D0D /* Pods-ListGames.release.xcconfig */;
			buildSettings = {
				ASSETCATALOG_COMPILER_APPICON_NAME = AppIcon;
				DEVELOPMENT_TEAM = 56SGSJ5YCY;
				INFOPLIST_FILE = ListGames/Info.plist;
				LD_RUNPATH_SEARCH_PATHS = "$(inherited) @executable_path/Frameworks";
				PRODUCT_BUNDLE_IDENTIFIER = com.jackngai.ListGames;
				PRODUCT_NAME = "$(TARGET_NAME)";
				SWIFT_VERSION = 3.0;
			};
			name = Release;
		};
/* End XCBuildConfiguration section */

/* Begin XCConfigurationList section */
		98B2A0681EF82AD100C99779 /* Build configuration list for PBXProject "ListGames" */ = {
			isa = XCConfigurationList;
			buildConfigurations = (
				98B2A07D1EF82AD100C99779 /* Debug */,
				98B2A07E1EF82AD100C99779 /* Release */,
			);
			defaultConfigurationIsVisible = 0;
			defaultConfigurationName = Release;
		};
		98B2A07F1EF82AD100C99779 /* Build configuration list for PBXNativeTarget "ListGames" */ = {
			isa = XCConfigurationList;
			buildConfigurations = (
				98B2A0801EF82AD100C99779 /* Debug */,
				98B2A0811EF82AD100C99779 /* Release */,
			);
			defaultConfigurationIsVisible = 0;
			defaultConfigurationName = Release;
		};
/* End XCConfigurationList section */
	};
	rootObject = 98B2A0651EF82AD100C99779 /* Project object */;
}
